// !$*UTF8*$!
{
	archiveVersion = 1;
	classes = {
	};
	objectVersion = 55;
	objects = {

/* Begin PBXBuildFile section */
		05A7C645287F053B00CB3BE8 /* NetworkService.swift in Sources */ = {isa = PBXBuildFile; fileRef = 05A7C644287F053B00CB3BE8 /* NetworkService.swift */; };
		05A7C64A288150B500CB3BE8 /* NetworkServiceAwait.swift in Sources */ = {isa = PBXBuildFile; fileRef = 05A7C649288150B500CB3BE8 /* NetworkServiceAwait.swift */; };
		05A7C64D28815A8200CB3BE8 /* News2ListView.swift in Sources */ = {isa = PBXBuildFile; fileRef = 05A7C64C28815A8200CB3BE8 /* News2ListView.swift */; };
		05A7C65028815B6100CB3BE8 /* News2ListViewModel.swift in Sources */ = {isa = PBXBuildFile; fileRef = 05A7C64F28815B6100CB3BE8 /* News2ListViewModel.swift */; };
		05FA0CA7287C470D00CDCDE1 /* avtodocTestApp.swift in Sources */ = {isa = PBXBuildFile; fileRef = 05FA0CA6287C470D00CDCDE1 /* avtodocTestApp.swift */; };
		05FA0CA9287C470D00CDCDE1 /* ContentView.swift in Sources */ = {isa = PBXBuildFile; fileRef = 05FA0CA8287C470D00CDCDE1 /* ContentView.swift */; };
		05FA0CAB287C471000CDCDE1 /* Assets.xcassets in Resources */ = {isa = PBXBuildFile; fileRef = 05FA0CAA287C471000CDCDE1 /* Assets.xcassets */; };
		05FA0CAE287C471000CDCDE1 /* Preview Assets.xcassets in Resources */ = {isa = PBXBuildFile; fileRef = 05FA0CAD287C471000CDCDE1 /* Preview Assets.xcassets */; };
		05FA0CB8287C471000CDCDE1 /* avtodocTestTests.swift in Sources */ = {isa = PBXBuildFile; fileRef = 05FA0CB7287C471000CDCDE1 /* avtodocTestTests.swift */; };
		05FA0CC2287C471000CDCDE1 /* avtodocTestUITests.swift in Sources */ = {isa = PBXBuildFile; fileRef = 05FA0CC1287C471000CDCDE1 /* avtodocTestUITests.swift */; };
		05FA0CC4287C471000CDCDE1 /* avtodocTestUITestsLaunchTests.swift in Sources */ = {isa = PBXBuildFile; fileRef = 05FA0CC3287C471000CDCDE1 /* avtodocTestUITestsLaunchTests.swift */; };
		05FA0CD2287C480500CDCDE1 /* ApiManager.swift in Sources */ = {isa = PBXBuildFile; fileRef = 05FA0CD1287C480500CDCDE1 /* ApiManager.swift */; };
		05FA0CD5287C4A1A00CDCDE1 /* HTTPError.swift in Sources */ = {isa = PBXBuildFile; fileRef = 05FA0CD4287C4A1A00CDCDE1 /* HTTPError.swift */; };
		05FA0CD8287C4AC600CDCDE1 /* UrlConstants.swift in Sources */ = {isa = PBXBuildFile; fileRef = 05FA0CD7287C4AC600CDCDE1 /* UrlConstants.swift */; };
		05FA0CDC287C4BC900CDCDE1 /* ServerNewsResponse.swift in Sources */ = {isa = PBXBuildFile; fileRef = 05FA0CDB287C4BC900CDCDE1 /* ServerNewsResponse.swift */; };
		05FA0CDF287C4CDC00CDCDE1 /* ServerBaseResponse.swift in Sources */ = {isa = PBXBuildFile; fileRef = 05FA0CDE287C4CDC00CDCDE1 /* ServerBaseResponse.swift */; };
		05FA0CE2287C4E6300CDCDE1 /* New.swift in Sources */ = {isa = PBXBuildFile; fileRef = 05FA0CE1287C4E6300CDCDE1 /* New.swift */; };
		05FA0CE4287C572B00CDCDE1 /* NewListView.swift in Sources */ = {isa = PBXBuildFile; fileRef = 05FA0CE3287C572B00CDCDE1 /* NewListView.swift */; };
		05FA0CE8287C594800CDCDE1 /* NewsListViewModel.swift in Sources */ = {isa = PBXBuildFile; fileRef = 05FA0CE7287C594800CDCDE1 /* NewsListViewModel.swift */; };
		05FA0CED287C5A9D00CDCDE1 /* GetNewsForPageUseCase.swift in Sources */ = {isa = PBXBuildFile; fileRef = 05FA0CEC287C5A9D00CDCDE1 /* GetNewsForPageUseCase.swift */; };
		05FA0CF0287C5B3800CDCDE1 /* NewRepo.swift in Sources */ = {isa = PBXBuildFile; fileRef = 05FA0CEF287C5B3800CDCDE1 /* NewRepo.swift */; };
		05FA0CF2287C766700CDCDE1 /* NewRepoImpl.swift in Sources */ = {isa = PBXBuildFile; fileRef = 05FA0CF1287C766700CDCDE1 /* NewRepoImpl.swift */; };
		05FA0CF4287C767E00CDCDE1 /* NewRepoDataSource.swift in Sources */ = {isa = PBXBuildFile; fileRef = 05FA0CF3287C767E00CDCDE1 /* NewRepoDataSource.swift */; };
		05FA0CF6287D5D1D00CDCDE1 /* NewDetailView.swift in Sources */ = {isa = PBXBuildFile; fileRef = 05FA0CF5287D5D1D00CDCDE1 /* NewDetailView.swift */; };
		05FA0CF8287D5D7000CDCDE1 /* NewListCellView.swift in Sources */ = {isa = PBXBuildFile; fileRef = 05FA0CF7287D5D7000CDCDE1 /* NewListCellView.swift */; };
		05FA0CFC287EDB7F00CDCDE1 /* CustomTab.swift in Sources */ = {isa = PBXBuildFile; fileRef = 05FA0CFB287EDB7F00CDCDE1 /* CustomTab.swift */; };
		05FA0CFE287EDEF400CDCDE1 /* CurvedTabBack.swift in Sources */ = {isa = PBXBuildFile; fileRef = 05FA0CFD287EDEF400CDCDE1 /* CurvedTabBack.swift */; };
/* End PBXBuildFile section */

/* Begin PBXContainerItemProxy section */
		05FA0CB4287C471000CDCDE1 /* PBXContainerItemProxy */ = {
			isa = PBXContainerItemProxy;
			containerPortal = 05FA0C9B287C470D00CDCDE1 /* Project object */;
			proxyType = 1;
			remoteGlobalIDString = 05FA0CA2287C470D00CDCDE1;
			remoteInfo = avtodocTest;
		};
		05FA0CBE287C471000CDCDE1 /* PBXContainerItemProxy */ = {
			isa = PBXContainerItemProxy;
			containerPortal = 05FA0C9B287C470D00CDCDE1 /* Project object */;
			proxyType = 1;
			remoteGlobalIDString = 05FA0CA2287C470D00CDCDE1;
			remoteInfo = avtodocTest;
		};
/* End PBXContainerItemProxy section */

/* Begin PBXFileReference section */
		05A7C644287F053B00CB3BE8 /* NetworkService.swift */ = {isa = PBXFileReference; lastKnownFileType = sourcecode.swift; path = NetworkService.swift; sourceTree = "<group>"; };
		05A7C649288150B500CB3BE8 /* NetworkServiceAwait.swift */ = {isa = PBXFileReference; lastKnownFileType = sourcecode.swift; path = NetworkServiceAwait.swift; sourceTree = "<group>"; };
		05A7C64C28815A8200CB3BE8 /* News2ListView.swift */ = {isa = PBXFileReference; lastKnownFileType = sourcecode.swift; path = News2ListView.swift; sourceTree = "<group>"; };
		05A7C64F28815B6100CB3BE8 /* News2ListViewModel.swift */ = {isa = PBXFileReference; lastKnownFileType = sourcecode.swift; path = News2ListViewModel.swift; sourceTree = "<group>"; };
		05FA0CA3287C470D00CDCDE1 /* avtodocTest.app */ = {isa = PBXFileReference; explicitFileType = wrapper.application; includeInIndex = 0; path = avtodocTest.app; sourceTree = BUILT_PRODUCTS_DIR; };
		05FA0CA6287C470D00CDCDE1 /* avtodocTestApp.swift */ = {isa = PBXFileReference; lastKnownFileType = sourcecode.swift; path = avtodocTestApp.swift; sourceTree = "<group>"; };
		05FA0CA8287C470D00CDCDE1 /* ContentView.swift */ = {isa = PBXFileReference; lastKnownFileType = sourcecode.swift; path = ContentView.swift; sourceTree = "<group>"; };
		05FA0CAA287C471000CDCDE1 /* Assets.xcassets */ = {isa = PBXFileReference; lastKnownFileType = folder.assetcatalog; path = Assets.xcassets; sourceTree = "<group>"; };
		05FA0CAD287C471000CDCDE1 /* Preview Assets.xcassets */ = {isa = PBXFileReference; lastKnownFileType = folder.assetcatalog; path = "Preview Assets.xcassets"; sourceTree = "<group>"; };
		05FA0CB3287C471000CDCDE1 /* avtodocTestTests.xctest */ = {isa = PBXFileReference; explicitFileType = wrapper.cfbundle; includeInIndex = 0; path = avtodocTestTests.xctest; sourceTree = BUILT_PRODUCTS_DIR; };
		05FA0CB7287C471000CDCDE1 /* avtodocTestTests.swift */ = {isa = PBXFileReference; lastKnownFileType = sourcecode.swift; path = avtodocTestTests.swift; sourceTree = "<group>"; };
		05FA0CBD287C471000CDCDE1 /* avtodocTestUITests.xctest */ = {isa = PBXFileReference; explicitFileType = wrapper.cfbundle; includeInIndex = 0; path = avtodocTestUITests.xctest; sourceTree = BUILT_PRODUCTS_DIR; };
		05FA0CC1287C471000CDCDE1 /* avtodocTestUITests.swift */ = {isa = PBXFileReference; lastKnownFileType = sourcecode.swift; path = avtodocTestUITests.swift; sourceTree = "<group>"; };
		05FA0CC3287C471000CDCDE1 /* avtodocTestUITestsLaunchTests.swift */ = {isa = PBXFileReference; lastKnownFileType = sourcecode.swift; path = avtodocTestUITestsLaunchTests.swift; sourceTree = "<group>"; };
		05FA0CD1287C480500CDCDE1 /* ApiManager.swift */ = {isa = PBXFileReference; lastKnownFileType = sourcecode.swift; path = ApiManager.swift; sourceTree = "<group>"; };
		05FA0CD4287C4A1A00CDCDE1 /* HTTPError.swift */ = {isa = PBXFileReference; lastKnownFileType = sourcecode.swift; path = HTTPError.swift; sourceTree = "<group>"; };
		05FA0CD7287C4AC600CDCDE1 /* UrlConstants.swift */ = {isa = PBXFileReference; lastKnownFileType = sourcecode.swift; path = UrlConstants.swift; sourceTree = "<group>"; };
		05FA0CDB287C4BC900CDCDE1 /* ServerNewsResponse.swift */ = {isa = PBXFileReference; lastKnownFileType = sourcecode.swift; path = ServerNewsResponse.swift; sourceTree = "<group>"; };
		05FA0CDE287C4CDC00CDCDE1 /* ServerBaseResponse.swift */ = {isa = PBXFileReference; lastKnownFileType = sourcecode.swift; path = ServerBaseResponse.swift; sourceTree = "<group>"; };
		05FA0CE1287C4E6300CDCDE1 /* New.swift */ = {isa = PBXFileReference; lastKnownFileType = sourcecode.swift; path = New.swift; sourceTree = "<group>"; };
		05FA0CE3287C572B00CDCDE1 /* NewListView.swift */ = {isa = PBXFileReference; lastKnownFileType = sourcecode.swift; path = NewListView.swift; sourceTree = "<group>"; };
		05FA0CE7287C594800CDCDE1 /* NewsListViewModel.swift */ = {isa = PBXFileReference; lastKnownFileType = sourcecode.swift; path = NewsListViewModel.swift; sourceTree = "<group>"; };
		05FA0CEC287C5A9D00CDCDE1 /* GetNewsForPageUseCase.swift */ = {isa = PBXFileReference; lastKnownFileType = sourcecode.swift; path = GetNewsForPageUseCase.swift; sourceTree = "<group>"; };
		05FA0CEF287C5B3800CDCDE1 /* NewRepo.swift */ = {isa = PBXFileReference; lastKnownFileType = sourcecode.swift; path = NewRepo.swift; sourceTree = "<group>"; };
		05FA0CF1287C766700CDCDE1 /* NewRepoImpl.swift */ = {isa = PBXFileReference; lastKnownFileType = sourcecode.swift; path = NewRepoImpl.swift; sourceTree = "<group>"; };
		05FA0CF3287C767E00CDCDE1 /* NewRepoDataSource.swift */ = {isa = PBXFileReference; lastKnownFileType = sourcecode.swift; path = NewRepoDataSource.swift; sourceTree = "<group>"; };
		05FA0CF5287D5D1D00CDCDE1 /* NewDetailView.swift */ = {isa = PBXFileReference; lastKnownFileType = sourcecode.swift; path = NewDetailView.swift; sourceTree = "<group>"; };
		05FA0CF7287D5D7000CDCDE1 /* NewListCellView.swift */ = {isa = PBXFileReference; lastKnownFileType = sourcecode.swift; path = NewListCellView.swift; sourceTree = "<group>"; };
		05FA0CFB287EDB7F00CDCDE1 /* CustomTab.swift */ = {isa = PBXFileReference; lastKnownFileType = sourcecode.swift; path = CustomTab.swift; sourceTree = "<group>"; };
		05FA0CFD287EDEF400CDCDE1 /* CurvedTabBack.swift */ = {isa = PBXFileReference; lastKnownFileType = sourcecode.swift; path = CurvedTabBack.swift; sourceTree = "<group>"; };
/* End PBXFileReference section */

/* Begin PBXFrameworksBuildPhase section */
		05FA0CA0287C470D00CDCDE1 /* Frameworks */ = {
			isa = PBXFrameworksBuildPhase;
			buildActionMask = 2147483647;
			files = (
			);
			runOnlyForDeploymentPostprocessing = 0;
		};
		05FA0CB0287C471000CDCDE1 /* Frameworks */ = {
			isa = PBXFrameworksBuildPhase;
			buildActionMask = 2147483647;
			files = (
			);
			runOnlyForDeploymentPostprocessing = 0;
		};
		05FA0CBA287C471000CDCDE1 /* Frameworks */ = {
			isa = PBXFrameworksBuildPhase;
			buildActionMask = 2147483647;
			files = (
			);
			runOnlyForDeploymentPostprocessing = 0;
		};
/* End PBXFrameworksBuildPhase section */

/* Begin PBXGroup section */
		05A7C643287F050B00CB3BE8 /* Core */ = {
			isa = PBXGroup;
			children = (
				05A7C64B28815A5700CB3BE8 /* DataBases */,
				05A7C6482881508F00CB3BE8 /* NetworkServiceAwait */,
				05A7C644287F053B00CB3BE8 /* NetworkService.swift */,
			);
			path = Core;
			sourceTree = "<group>";
		};
		05A7C646287F075600CB3BE8 /* News2 */ = {
			isa = PBXGroup;
			children = (
				05A7C64E28815B5100CB3BE8 /* ViewModel */,
				05A7C64C28815A8200CB3BE8 /* News2ListView.swift */,
			);
			path = News2;
			sourceTree = "<group>";
		};
		05A7C647287F076900CB3BE8 /* View */ = {
			isa = PBXGroup;
			children = (
				05FA0CF9287D5F0E00CDCDE1 /* cell */,
				05FA0CF5287D5D1D00CDCDE1 /* NewDetailView.swift */,
				05FA0CE3287C572B00CDCDE1 /* NewListView.swift */,
			);
			path = View;
			sourceTree = "<group>";
		};
		05A7C6482881508F00CB3BE8 /* NetworkServiceAwait */ = {
			isa = PBXGroup;
			children = (
				05A7C649288150B500CB3BE8 /* NetworkServiceAwait.swift */,
			);
			path = NetworkServiceAwait;
			sourceTree = "<group>";
		};
		05A7C64B28815A5700CB3BE8 /* DataBases */ = {
			isa = PBXGroup;
			children = (
			);
			path = DataBases;
			sourceTree = "<group>";
		};
		05A7C64E28815B5100CB3BE8 /* ViewModel */ = {
			isa = PBXGroup;
			children = (
				05A7C64F28815B6100CB3BE8 /* News2ListViewModel.swift */,
			);
			path = ViewModel;
			sourceTree = "<group>";
		};
		05FA0C9A287C470D00CDCDE1 = {
			isa = PBXGroup;
			children = (
				05FA0CA5287C470D00CDCDE1 /* avtodocTest */,
				05FA0CB6287C471000CDCDE1 /* avtodocTestTests */,
				05FA0CC0287C471000CDCDE1 /* avtodocTestUITests */,
				05FA0CA4287C470D00CDCDE1 /* Products */,
			);
			sourceTree = "<group>";
		};
		05FA0CA4287C470D00CDCDE1 /* Products */ = {
			isa = PBXGroup;
			children = (
				05FA0CA3287C470D00CDCDE1 /* avtodocTest.app */,
				05FA0CB3287C471000CDCDE1 /* avtodocTestTests.xctest */,
				05FA0CBD287C471000CDCDE1 /* avtodocTestUITests.xctest */,
			);
			name = Products;
			sourceTree = "<group>";
		};
		05FA0CA5287C470D00CDCDE1 /* avtodocTest */ = {
			isa = PBXGroup;
			children = (
				05FA0CEA287C5A4700CDCDE1 /* other */,
				05A7C643287F050B00CB3BE8 /* Core */,
				05FA0CE9287C5A3C00CDCDE1 /* Model */,
				05FA0CD9287C4B0800CDCDE1 /* Flow */,
				05FA0CA6287C470D00CDCDE1 /* avtodocTestApp.swift */,
				05FA0CAA287C471000CDCDE1 /* Assets.xcassets */,
				05FA0CAC287C471000CDCDE1 /* Preview Content */,
			);
			path = avtodocTest;
			sourceTree = "<group>";
		};
		05FA0CAC287C471000CDCDE1 /* Preview Content */ = {
			isa = PBXGroup;
			children = (
				05FA0CAD287C471000CDCDE1 /* Preview Assets.xcassets */,
			);
			path = "Preview Content";
			sourceTree = "<group>";
		};
		05FA0CB6287C471000CDCDE1 /* avtodocTestTests */ = {
			isa = PBXGroup;
			children = (
				05FA0CB7287C471000CDCDE1 /* avtodocTestTests.swift */,
			);
			path = avtodocTestTests;
			sourceTree = "<group>";
		};
		05FA0CC0287C471000CDCDE1 /* avtodocTestUITests */ = {
			isa = PBXGroup;
			children = (
				05FA0CC1287C471000CDCDE1 /* avtodocTestUITests.swift */,
				05FA0CC3287C471000CDCDE1 /* avtodocTestUITestsLaunchTests.swift */,
			);
			path = avtodocTestUITests;
			sourceTree = "<group>";
		};
		05FA0CD0287C47CF00CDCDE1 /* Network */ = {
			isa = PBXGroup;
			children = (
				05FA0CEE287C5B2800CDCDE1 /* Repos */,
				05FA0CD1287C480500CDCDE1 /* ApiManager.swift */,
			);
			path = Network;
			sourceTree = "<group>";
		};
		05FA0CD3287C4A0B00CDCDE1 /* Enums */ = {
			isa = PBXGroup;
			children = (
				05FA0CD4287C4A1A00CDCDE1 /* HTTPError.swift */,
			);
			path = Enums;
			sourceTree = "<group>";
		};
		05FA0CD6287C4ABA00CDCDE1 /* Utils */ = {
			isa = PBXGroup;
			children = (
			);
			path = Utils;
			sourceTree = "<group>";
		};
		05FA0CD9287C4B0800CDCDE1 /* Flow */ = {
			isa = PBXGroup;
			children = (
				05FA0CFA287EDB7200CDCDE1 /* CustomTab */,
				05A7C646287F075600CB3BE8 /* News2 */,
				05FA0CE5287C592A00CDCDE1 /* News1 */,
				05FA0CA8287C470D00CDCDE1 /* ContentView.swift */,
			);
			path = Flow;
			sourceTree = "<group>";
		};
		05FA0CDA287C4BB400CDCDE1 /* Entities */ = {
			isa = PBXGroup;
			children = (
				05FA0CD7287C4AC600CDCDE1 /* UrlConstants.swift */,
				05FA0CE0287C4E4C00CDCDE1 /* Server Entities */,
				05FA0CE1287C4E6300CDCDE1 /* New.swift */,
			);
			path = Entities;
			sourceTree = "<group>";
		};
		05FA0CE0287C4E4C00CDCDE1 /* Server Entities */ = {
			isa = PBXGroup;
			children = (
				05FA0CDE287C4CDC00CDCDE1 /* ServerBaseResponse.swift */,
				05FA0CDB287C4BC900CDCDE1 /* ServerNewsResponse.swift */,
			);
			path = "Server Entities";
			sourceTree = "<group>";
		};
		05FA0CE5287C592A00CDCDE1 /* News1 */ = {
			isa = PBXGroup;
			children = (
				05FA0CE6287C593500CDCDE1 /* ViewModel */,
				05A7C647287F076900CB3BE8 /* View */,
			);
			path = News1;
			sourceTree = "<group>";
		};
		05FA0CE6287C593500CDCDE1 /* ViewModel */ = {
			isa = PBXGroup;
			children = (
				05FA0CE7287C594800CDCDE1 /* NewsListViewModel.swift */,
			);
			path = ViewModel;
			sourceTree = "<group>";
		};
		05FA0CE9287C5A3C00CDCDE1 /* Model */ = {
			isa = PBXGroup;
			children = (
				05FA0CEB287C5A7A00CDCDE1 /* UseCases */,
				05FA0CD0287C47CF00CDCDE1 /* Network */,
				05FA0CD3287C4A0B00CDCDE1 /* Enums */,
				05FA0CDA287C4BB400CDCDE1 /* Entities */,
			);
			path = Model;
			sourceTree = "<group>";
		};
		05FA0CEA287C5A4700CDCDE1 /* other */ = {
			isa = PBXGroup;
			children = (
				05FA0CD6287C4ABA00CDCDE1 /* Utils */,
			);
			path = other;
			sourceTree = "<group>";
		};
		05FA0CEB287C5A7A00CDCDE1 /* UseCases */ = {
			isa = PBXGroup;
			children = (
				05FA0CEC287C5A9D00CDCDE1 /* GetNewsForPageUseCase.swift */,
			);
			path = UseCases;
			sourceTree = "<group>";
		};
		05FA0CEE287C5B2800CDCDE1 /* Repos */ = {
			isa = PBXGroup;
			children = (
				05FA0CEF287C5B3800CDCDE1 /* NewRepo.swift */,
				05FA0CF1287C766700CDCDE1 /* NewRepoImpl.swift */,
				05FA0CF3287C767E00CDCDE1 /* NewRepoDataSource.swift */,
			);
			path = Repos;
			sourceTree = "<group>";
		};
		05FA0CF9287D5F0E00CDCDE1 /* cell */ = {
			isa = PBXGroup;
			children = (
				05FA0CF7287D5D7000CDCDE1 /* NewListCellView.swift */,
			);
			path = cell;
			sourceTree = "<group>";
		};
		05FA0CFA287EDB7200CDCDE1 /* CustomTab */ = {
			isa = PBXGroup;
			children = (
				05FA0CFB287EDB7F00CDCDE1 /* CustomTab.swift */,
				05FA0CFD287EDEF400CDCDE1 /* CurvedTabBack.swift */,
			);
			path = CustomTab;
			sourceTree = "<group>";
		};
/* End PBXGroup section */

/* Begin PBXNativeTarget section */
		05FA0CA2287C470D00CDCDE1 /* avtodocTest */ = {
			isa = PBXNativeTarget;
			buildConfigurationList = 05FA0CC7287C471000CDCDE1 /* Build configuration list for PBXNativeTarget "avtodocTest" */;
			buildPhases = (
				05FA0C9F287C470D00CDCDE1 /* Sources */,
				05FA0CA0287C470D00CDCDE1 /* Frameworks */,
				05FA0CA1287C470D00CDCDE1 /* Resources */,
			);
			buildRules = (
			);
			dependencies = (
			);
			name = avtodocTest;
			productName = avtodocTest;
			productReference = 05FA0CA3287C470D00CDCDE1 /* avtodocTest.app */;
			productType = "com.apple.product-type.application";
		};
		05FA0CB2287C471000CDCDE1 /* avtodocTestTests */ = {
			isa = PBXNativeTarget;
			buildConfigurationList = 05FA0CCA287C471000CDCDE1 /* Build configuration list for PBXNativeTarget "avtodocTestTests" */;
			buildPhases = (
				05FA0CAF287C471000CDCDE1 /* Sources */,
				05FA0CB0287C471000CDCDE1 /* Frameworks */,
				05FA0CB1287C471000CDCDE1 /* Resources */,
			);
			buildRules = (
			);
			dependencies = (
				05FA0CB5287C471000CDCDE1 /* PBXTargetDependency */,
			);
			name = avtodocTestTests;
			productName = avtodocTestTests;
			productReference = 05FA0CB3287C471000CDCDE1 /* avtodocTestTests.xctest */;
			productType = "com.apple.product-type.bundle.unit-test";
		};
		05FA0CBC287C471000CDCDE1 /* avtodocTestUITests */ = {
			isa = PBXNativeTarget;
			buildConfigurationList = 05FA0CCD287C471000CDCDE1 /* Build configuration list for PBXNativeTarget "avtodocTestUITests" */;
			buildPhases = (
				05FA0CB9287C471000CDCDE1 /* Sources */,
				05FA0CBA287C471000CDCDE1 /* Frameworks */,
				05FA0CBB287C471000CDCDE1 /* Resources */,
			);
			buildRules = (
			);
			dependencies = (
				05FA0CBF287C471000CDCDE1 /* PBXTargetDependency */,
			);
			name = avtodocTestUITests;
			productName = avtodocTestUITests;
			productReference = 05FA0CBD287C471000CDCDE1 /* avtodocTestUITests.xctest */;
			productType = "com.apple.product-type.bundle.ui-testing";
		};
/* End PBXNativeTarget section */

/* Begin PBXProject section */
		05FA0C9B287C470D00CDCDE1 /* Project object */ = {
			isa = PBXProject;
			attributes = {
				BuildIndependentTargetsInParallel = 1;
				LastSwiftUpdateCheck = 1340;
				LastUpgradeCheck = 1340;
				TargetAttributes = {
					05FA0CA2287C470D00CDCDE1 = {
						CreatedOnToolsVersion = 13.4.1;
					};
					05FA0CB2287C471000CDCDE1 = {
						CreatedOnToolsVersion = 13.4.1;
						TestTargetID = 05FA0CA2287C470D00CDCDE1;
					};
					05FA0CBC287C471000CDCDE1 = {
						CreatedOnToolsVersion = 13.4.1;
						TestTargetID = 05FA0CA2287C470D00CDCDE1;
					};
				};
			};
			buildConfigurationList = 05FA0C9E287C470D00CDCDE1 /* Build configuration list for PBXProject "avtodocTest" */;
			compatibilityVersion = "Xcode 13.0";
			developmentRegion = en;
			hasScannedForEncodings = 0;
			knownRegions = (
				en,
				Base,
			);
			mainGroup = 05FA0C9A287C470D00CDCDE1;
			productRefGroup = 05FA0CA4287C470D00CDCDE1 /* Products */;
			projectDirPath = "";
			projectRoot = "";
			targets = (
				05FA0CA2287C470D00CDCDE1 /* avtodocTest */,
				05FA0CB2287C471000CDCDE1 /* avtodocTestTests */,
				05FA0CBC287C471000CDCDE1 /* avtodocTestUITests */,
			);
		};
/* End PBXProject section */

/* Begin PBXResourcesBuildPhase section */
		05FA0CA1287C470D00CDCDE1 /* Resources */ = {
			isa = PBXResourcesBuildPhase;
			buildActionMask = 2147483647;
			files = (
				05FA0CAE287C471000CDCDE1 /* Preview Assets.xcassets in Resources */,
				05FA0CAB287C471000CDCDE1 /* Assets.xcassets in Resources */,
			);
			runOnlyForDeploymentPostprocessing = 0;
		};
		05FA0CB1287C471000CDCDE1 /* Resources */ = {
			isa = PBXResourcesBuildPhase;
			buildActionMask = 2147483647;
			files = (
			);
			runOnlyForDeploymentPostprocessing = 0;
		};
		05FA0CBB287C471000CDCDE1 /* Resources */ = {
			isa = PBXResourcesBuildPhase;
			buildActionMask = 2147483647;
			files = (
			);
			runOnlyForDeploymentPostprocessing = 0;
		};
/* End PBXResourcesBuildPhase section */

/* Begin PBXSourcesBuildPhase section */
		05FA0C9F287C470D00CDCDE1 /* Sources */ = {
			isa = PBXSourcesBuildPhase;
			buildActionMask = 2147483647;
			files = (
				05FA0CF0287C5B3800CDCDE1 /* NewRepo.swift in Sources */,
				05A7C64A288150B500CB3BE8 /* NetworkServiceAwait.swift in Sources */,
				05A7C64D28815A8200CB3BE8 /* News2ListView.swift in Sources */,
				05FA0CF8287D5D7000CDCDE1 /* NewListCellView.swift in Sources */,
				05A7C65028815B6100CB3BE8 /* News2ListViewModel.swift in Sources */,
				05FA0CD8287C4AC600CDCDE1 /* UrlConstants.swift in Sources */,
				05FA0CD5287C4A1A00CDCDE1 /* HTTPError.swift in Sources */,
				05FA0CD2287C480500CDCDE1 /* ApiManager.swift in Sources */,
				05FA0CE4287C572B00CDCDE1 /* NewListView.swift in Sources */,
				05FA0CFC287EDB7F00CDCDE1 /* CustomTab.swift in Sources */,
				05FA0CA9287C470D00CDCDE1 /* ContentView.swift in Sources */,
				05FA0CDC287C4BC900CDCDE1 /* ServerNewsResponse.swift in Sources */,
				05FA0CDF287C4CDC00CDCDE1 /* ServerBaseResponse.swift in Sources */,
				05FA0CF2287C766700CDCDE1 /* NewRepoImpl.swift in Sources */,
				05FA0CFE287EDEF400CDCDE1 /* CurvedTabBack.swift in Sources */,
				05FA0CE8287C594800CDCDE1 /* NewsListViewModel.swift in Sources */,
				05FA0CF6287D5D1D00CDCDE1 /* NewDetailView.swift in Sources */,
				05FA0CE2287C4E6300CDCDE1 /* New.swift in Sources */,
				05A7C645287F053B00CB3BE8 /* NetworkService.swift in Sources */,
				05FA0CF4287C767E00CDCDE1 /* NewRepoDataSource.swift in Sources */,
				05FA0CED287C5A9D00CDCDE1 /* GetNewsForPageUseCase.swift in Sources */,
				05FA0CA7287C470D00CDCDE1 /* avtodocTestApp.swift in Sources */,
			);
			runOnlyForDeploymentPostprocessing = 0;
		};
		05FA0CAF287C471000CDCDE1 /* Sources */ = {
			isa = PBXSourcesBuildPhase;
			buildActionMask = 2147483647;
			files = (
				05FA0CB8287C471000CDCDE1 /* avtodocTestTests.swift in Sources */,
			);
			runOnlyForDeploymentPostprocessing = 0;
		};
		05FA0CB9287C471000CDCDE1 /* Sources */ = {
			isa = PBXSourcesBuildPhase;
			buildActionMask = 2147483647;
			files = (
				05FA0CC2287C471000CDCDE1 /* avtodocTestUITests.swift in Sources */,
				05FA0CC4287C471000CDCDE1 /* avtodocTestUITestsLaunchTests.swift in Sources */,
			);
			runOnlyForDeploymentPostprocessing = 0;
		};
/* End PBXSourcesBuildPhase section */

/* Begin PBXTargetDependency section */
		05FA0CB5287C471000CDCDE1 /* PBXTargetDependency */ = {
			isa = PBXTargetDependency;
			target = 05FA0CA2287C470D00CDCDE1 /* avtodocTest */;
			targetProxy = 05FA0CB4287C471000CDCDE1 /* PBXContainerItemProxy */;
		};
		05FA0CBF287C471000CDCDE1 /* PBXTargetDependency */ = {
			isa = PBXTargetDependency;
			target = 05FA0CA2287C470D00CDCDE1 /* avtodocTest */;
			targetProxy = 05FA0CBE287C471000CDCDE1 /* PBXContainerItemProxy */;
		};
/* End PBXTargetDependency section */

/* Begin XCBuildConfiguration section */
		05FA0CC5287C471000CDCDE1 /* Debug */ = {
			isa = XCBuildConfiguration;
			buildSettings = {
				ALWAYS_SEARCH_USER_PATHS = NO;
				CLANG_ANALYZER_NONNULL = YES;
				CLANG_ANALYZER_NUMBER_OBJECT_CONVERSION = YES_AGGRESSIVE;
				CLANG_CXX_LANGUAGE_STANDARD = "gnu++17";
				CLANG_ENABLE_MODULES = YES;
				CLANG_ENABLE_OBJC_ARC = YES;
				CLANG_ENABLE_OBJC_WEAK = YES;
				CLANG_WARN_BLOCK_CAPTURE_AUTORELEASING = YES;
				CLANG_WARN_BOOL_CONVERSION = YES;
				CLANG_WARN_COMMA = YES;
				CLANG_WARN_CONSTANT_CONVERSION = YES;
				CLANG_WARN_DEPRECATED_OBJC_IMPLEMENTATIONS = YES;
				CLANG_WARN_DIRECT_OBJC_ISA_USAGE = YES_ERROR;
				CLANG_WARN_DOCUMENTATION_COMMENTS = YES;
				CLANG_WARN_EMPTY_BODY = YES;
				CLANG_WARN_ENUM_CONVERSION = YES;
				CLANG_WARN_INFINITE_RECURSION = YES;
				CLANG_WARN_INT_CONVERSION = YES;
				CLANG_WARN_NON_LITERAL_NULL_CONVERSION = YES;
				CLANG_WARN_OBJC_IMPLICIT_RETAIN_SELF = YES;
				CLANG_WARN_OBJC_LITERAL_CONVERSION = YES;
				CLANG_WARN_OBJC_ROOT_CLASS = YES_ERROR;
				CLANG_WARN_QUOTED_INCLUDE_IN_FRAMEWORK_HEADER = YES;
				CLANG_WARN_RANGE_LOOP_ANALYSIS = YES;
				CLANG_WARN_STRICT_PROTOTYPES = YES;
				CLANG_WARN_SUSPICIOUS_MOVE = YES;
				CLANG_WARN_UNGUARDED_AVAILABILITY = YES_AGGRESSIVE;
				CLANG_WARN_UNREACHABLE_CODE = YES;
				CLANG_WARN__DUPLICATE_METHOD_MATCH = YES;
				COPY_PHASE_STRIP = NO;
				DEBUG_INFORMATION_FORMAT = dwarf;
				ENABLE_STRICT_OBJC_MSGSEND = YES;
				ENABLE_TESTABILITY = YES;
				GCC_C_LANGUAGE_STANDARD = gnu11;
				GCC_DYNAMIC_NO_PIC = NO;
				GCC_NO_COMMON_BLOCKS = YES;
				GCC_OPTIMIZATION_LEVEL = 0;
				GCC_PREPROCESSOR_DEFINITIONS = (
					"DEBUG=1",
					"$(inherited)",
				);
				GCC_WARN_64_TO_32_BIT_CONVERSION = YES;
				GCC_WARN_ABOUT_RETURN_TYPE = YES_ERROR;
				GCC_WARN_UNDECLARED_SELECTOR = YES;
				GCC_WARN_UNINITIALIZED_AUTOS = YES_AGGRESSIVE;
				GCC_WARN_UNUSED_FUNCTION = YES;
				GCC_WARN_UNUSED_VARIABLE = YES;
				IPHONEOS_DEPLOYMENT_TARGET = 15.5;
				MTL_ENABLE_DEBUG_INFO = INCLUDE_SOURCE;
				MTL_FAST_MATH = YES;
				ONLY_ACTIVE_ARCH = YES;
				SDKROOT = iphoneos;
				SWIFT_ACTIVE_COMPILATION_CONDITIONS = DEBUG;
				SWIFT_OPTIMIZATION_LEVEL = "-Onone";
			};
			name = Debug;
		};
		05FA0CC6287C471000CDCDE1 /* Release */ = {
			isa = XCBuildConfiguration;
			buildSettings = {
				ALWAYS_SEARCH_USER_PATHS = NO;
				CLANG_ANALYZER_NONNULL = YES;
				CLANG_ANALYZER_NUMBER_OBJECT_CONVERSION = YES_AGGRESSIVE;
				CLANG_CXX_LANGUAGE_STANDARD = "gnu++17";
				CLANG_ENABLE_MODULES = YES;
				CLANG_ENABLE_OBJC_ARC = YES;
				CLANG_ENABLE_OBJC_WEAK = YES;
				CLANG_WARN_BLOCK_CAPTURE_AUTORELEASING = YES;
				CLANG_WARN_BOOL_CONVERSION = YES;
				CLANG_WARN_COMMA = YES;
				CLANG_WARN_CONSTANT_CONVERSION = YES;
				CLANG_WARN_DEPRECATED_OBJC_IMPLEMENTATIONS = YES;
				CLANG_WARN_DIRECT_OBJC_ISA_USAGE = YES_ERROR;
				CLANG_WARN_DOCUMENTATION_COMMENTS = YES;
				CLANG_WARN_EMPTY_BODY = YES;
				CLANG_WARN_ENUM_CONVERSION = YES;
				CLANG_WARN_INFINITE_RECURSION = YES;
				CLANG_WARN_INT_CONVERSION = YES;
				CLANG_WARN_NON_LITERAL_NULL_CONVERSION = YES;
				CLANG_WARN_OBJC_IMPLICIT_RETAIN_SELF = YES;
				CLANG_WARN_OBJC_LITERAL_CONVERSION = YES;
				CLANG_WARN_OBJC_ROOT_CLASS = YES_ERROR;
				CLANG_WARN_QUOTED_INCLUDE_IN_FRAMEWORK_HEADER = YES;
				CLANG_WARN_RANGE_LOOP_ANALYSIS = YES;
				CLANG_WARN_STRICT_PROTOTYPES = YES;
				CLANG_WARN_SUSPICIOUS_MOVE = YES;
				CLANG_WARN_UNGUARDED_AVAILABILITY = YES_AGGRESSIVE;
				CLANG_WARN_UNREACHABLE_CODE = YES;
				CLANG_WARN__DUPLICATE_METHOD_MATCH = YES;
				COPY_PHASE_STRIP = NO;
				DEBUG_INFORMATION_FORMAT = "dwarf-with-dsym";
				ENABLE_NS_ASSERTIONS = NO;
				ENABLE_STRICT_OBJC_MSGSEND = YES;
				GCC_C_LANGUAGE_STANDARD = gnu11;
				GCC_NO_COMMON_BLOCKS = YES;
				GCC_WARN_64_TO_32_BIT_CONVERSION = YES;
				GCC_WARN_ABOUT_RETURN_TYPE = YES_ERROR;
				GCC_WARN_UNDECLARED_SELECTOR = YES;
				GCC_WARN_UNINITIALIZED_AUTOS = YES_AGGRESSIVE;
				GCC_WARN_UNUSED_FUNCTION = YES;
				GCC_WARN_UNUSED_VARIABLE = YES;
				IPHONEOS_DEPLOYMENT_TARGET = 15.5;
				MTL_ENABLE_DEBUG_INFO = NO;
				MTL_FAST_MATH = YES;
				SDKROOT = iphoneos;
				SWIFT_COMPILATION_MODE = wholemodule;
				SWIFT_OPTIMIZATION_LEVEL = "-O";
				VALIDATE_PRODUCT = YES;
			};
			name = Release;
		};
		05FA0CC8287C471000CDCDE1 /* Debug */ = {
			isa = XCBuildConfiguration;
			buildSettings = {
				ASSETCATALOG_COMPILER_APPICON_NAME = AppIcon;
				ASSETCATALOG_COMPILER_GLOBAL_ACCENT_COLOR_NAME = AccentColor;
				CODE_SIGN_STYLE = Automatic;
				CURRENT_PROJECT_VERSION = 1;
				DEVELOPMENT_ASSET_PATHS = "\"avtodocTest/Preview Content\"";
				DEVELOPMENT_TEAM = W8PA5V3MFD;
				ENABLE_PREVIEWS = YES;
				GENERATE_INFOPLIST_FILE = YES;
				INFOPLIST_KEY_UIApplicationSceneManifest_Generation = YES;
				INFOPLIST_KEY_UIApplicationSupportsIndirectInputEvents = YES;
				INFOPLIST_KEY_UILaunchScreen_Generation = YES;
				INFOPLIST_KEY_UISupportedInterfaceOrientations_iPad = "UIInterfaceOrientationPortrait UIInterfaceOrientationPortraitUpsideDown UIInterfaceOrientationLandscapeLeft UIInterfaceOrientationLandscapeRight";
				INFOPLIST_KEY_UISupportedInterfaceOrientations_iPhone = "UIInterfaceOrientationPortrait UIInterfaceOrientationLandscapeLeft UIInterfaceOrientationLandscapeRight";
				LD_RUNPATH_SEARCH_PATHS = (
					"$(inherited)",
					"@executable_path/Frameworks",
				);
				MARKETING_VERSION = 1.0;
				PRODUCT_BUNDLE_IDENTIFIER = com.maxnxi.avtodocTest;
				PRODUCT_NAME = "$(TARGET_NAME)";
				SWIFT_EMIT_LOC_STRINGS = YES;
				SWIFT_VERSION = 5.0;
				TARGETED_DEVICE_FAMILY = "1,2";
			};
			name = Debug;
		};
		05FA0CC9287C471000CDCDE1 /* Release */ = {
			isa = XCBuildConfiguration;
			buildSettings = {
				ASSETCATALOG_COMPILER_APPICON_NAME = AppIcon;
				ASSETCATALOG_COMPILER_GLOBAL_ACCENT_COLOR_NAME = AccentColor;
				CODE_SIGN_STYLE = Automatic;
				CURRENT_PROJECT_VERSION = 1;
				DEVELOPMENT_ASSET_PATHS = "\"avtodocTest/Preview Content\"";
				DEVELOPMENT_TEAM = W8PA5V3MFD;
				ENABLE_PREVIEWS = YES;
				GENERATE_INFOPLIST_FILE = YES;
				INFOPLIST_KEY_UIApplicationSceneManifest_Generation = YES;
				INFOPLIST_KEY_UIApplicationSupportsIndirectInputEvents = YES;
				INFOPLIST_KEY_UILaunchScreen_Generation = YES;
				INFOPLIST_KEY_UISupportedInterfaceOrientations_iPad = "UIInterfaceOrientationPortrait UIInterfaceOrientationPortraitUpsideDown UIInterfaceOrientationLandscapeLeft UIInterfaceOrientationLandscapeRight";
				INFOPLIST_KEY_UISupportedInterfaceOrientations_iPhone = "UIInterfaceOrientationPortrait UIInterfaceOrientationLandscapeLeft UIInterfaceOrientationLandscapeRight";
				LD_RUNPATH_SEARCH_PATHS = (
					"$(inherited)",
					"@executable_path/Frameworks",
				);
				MARKETING_VERSION = 1.0;
				PRODUCT_BUNDLE_IDENTIFIER = com.maxnxi.avtodocTest;
				PRODUCT_NAME = "$(TARGET_NAME)";
				SWIFT_EMIT_LOC_STRINGS = YES;
				SWIFT_VERSION = 5.0;
				TARGETED_DEVICE_FAMILY = "1,2";
			};
			name = Release;
		};
		05FA0CCB287C471000CDCDE1 /* Debug */ = {
			isa = XCBuildConfiguration;
			buildSettings = {
				ALWAYS_EMBED_SWIFT_STANDARD_LIBRARIES = YES;
				BUNDLE_LOADER = "$(TEST_HOST)";
				CODE_SIGN_STYLE = Automatic;
				CURRENT_PROJECT_VERSION = 1;
				DEVELOPMENT_TEAM = W8PA5V3MFD;
				GENERATE_INFOPLIST_FILE = YES;
				IPHONEOS_DEPLOYMENT_TARGET = 15.5;
				MARKETING_VERSION = 1.0;
				PRODUCT_BUNDLE_IDENTIFIER = com.maxnxi.avtodocTestTests;
				PRODUCT_NAME = "$(TARGET_NAME)";
				SWIFT_EMIT_LOC_STRINGS = NO;
				SWIFT_VERSION = 5.0;
				TARGETED_DEVICE_FAMILY = "1,2";
				TEST_HOST = "$(BUILT_PRODUCTS_DIR)/avtodocTest.app/avtodocTest";
			};
			name = Debug;
		};
		05FA0CCC287C471000CDCDE1 /* Release */ = {
			isa = XCBuildConfiguration;
			buildSettings = {
				ALWAYS_EMBED_SWIFT_STANDARD_LIBRARIES = YES;
				BUNDLE_LOADER = "$(TEST_HOST)";
				CODE_SIGN_STYLE = Automatic;
				CURRENT_PROJECT_VERSION = 1;
				DEVELOPMENT_TEAM = W8PA5V3MFD;
				GENERATE_INFOPLIST_FILE = YES;
				IPHONEOS_DEPLOYMENT_TARGET = 15.5;
				MARKETING_VERSION = 1.0;
				PRODUCT_BUNDLE_IDENTIFIER = com.maxnxi.avtodocTestTests;
				PRODUCT_NAME = "$(TARGET_NAME)";
				SWIFT_EMIT_LOC_STRINGS = NO;
				SWIFT_VERSION = 5.0;
				TARGETED_DEVICE_FAMILY = "1,2";
				TEST_HOST = "$(BUILT_PRODUCTS_DIR)/avtodocTest.app/avtodocTest";
			};
			name = Release;
		};
		05FA0CCE287C471000CDCDE1 /* Debug */ = {
			isa = XCBuildConfiguration;
			buildSettings = {
				ALWAYS_EMBED_SWIFT_STANDARD_LIBRARIES = YES;
				CODE_SIGN_STYLE = Automatic;
				CURRENT_PROJECT_VERSION = 1;
				DEVELOPMENT_TEAM = W8PA5V3MFD;
				GENERATE_INFOPLIST_FILE = YES;
				MARKETING_VERSION = 1.0;
				PRODUCT_BUNDLE_IDENTIFIER = com.maxnxi.avtodocTestUITests;
				PRODUCT_NAME = "$(TARGET_NAME)";
				SWIFT_EMIT_LOC_STRINGS = NO;
				SWIFT_VERSION = 5.0;
				TARGETED_DEVICE_FAMILY = "1,2";
				TEST_TARGET_NAME = avtodocTest;
			};
			name = Debug;
		};
		05FA0CCF287C471000CDCDE1 /* Release */ = {
			isa = XCBuildConfiguration;
			buildSettings = {
				ALWAYS_EMBED_SWIFT_STANDARD_LIBRARIES = YES;
				CODE_SIGN_STYLE = Automatic;
				CURRENT_PROJECT_VERSION = 1;
				DEVELOPMENT_TEAM = W8PA5V3MFD;
				GENERATE_INFOPLIST_FILE = YES;
				MARKETING_VERSION = 1.0;
				PRODUCT_BUNDLE_IDENTIFIER = com.maxnxi.avtodocTestUITests;
				PRODUCT_NAME = "$(TARGET_NAME)";
				SWIFT_EMIT_LOC_STRINGS = NO;
				SWIFT_VERSION = 5.0;
				TARGETED_DEVICE_FAMILY = "1,2";
				TEST_TARGET_NAME = avtodocTest;
			};
			name = Release;
		};
/* End XCBuildConfiguration section */

/* Begin XCConfigurationList section */
		05FA0C9E287C470D00CDCDE1 /* Build configuration list for PBXProject "avtodocTest" */ = {
			isa = XCConfigurationList;
			buildConfigurations = (
				05FA0CC5287C471000CDCDE1 /* Debug */,
				05FA0CC6287C471000CDCDE1 /* Release */,
			);
			defaultConfigurationIsVisible = 0;
			defaultConfigurationName = Release;
		};
		05FA0CC7287C471000CDCDE1 /* Build configuration list for PBXNativeTarget "avtodocTest" */ = {
			isa = XCConfigurationList;
			buildConfigurations = (
				05FA0CC8287C471000CDCDE1 /* Debug */,
				05FA0CC9287C471000CDCDE1 /* Release */,
			);
			defaultConfigurationIsVisible = 0;
			defaultConfigurationName = Release;
		};
		05FA0CCA287C471000CDCDE1 /* Build configuration list for PBXNativeTarget "avtodocTestTests" */ = {
			isa = XCConfigurationList;
			buildConfigurations = (
				05FA0CCB287C471000CDCDE1 /* Debug */,
				05FA0CCC287C471000CDCDE1 /* Release */,
			);
			defaultConfigurationIsVisible = 0;
			defaultConfigurationName = Release;
		};
		05FA0CCD287C471000CDCDE1 /* Build configuration list for PBXNativeTarget "avtodocTestUITests" */ = {
			isa = XCConfigurationList;
			buildConfigurations = (
				05FA0CCE287C471000CDCDE1 /* Debug */,
				05FA0CCF287C471000CDCDE1 /* Release */,
			);
			defaultConfigurationIsVisible = 0;
			defaultConfigurationName = Release;
		};
/* End XCConfigurationList section */
	};
	rootObject = 05FA0C9B287C470D00CDCDE1 /* Project object */;
}
